<?xml version="1.0" encoding="utf-8"?>
<Project ToolsVersion="4.0" xmlns="http://schemas.microsoft.com/developer/msbuild/2003">
  <ItemGroup>
    <Filter Include="Source Files">
      <UniqueIdentifier>{4FC737F1-C7A5-4376-A066-2A32D752A2FF}</UniqueIdentifier>
      <Extensions>cpp;c;cc;cxx;c++;cppm;ixx;def;odl;idl;hpj;bat;asm;asmx</Extensions>
    </Filter>
    <Filter Include="Header Files">
      <UniqueIdentifier>{93995380-89BD-4b04-88EB-625FBE52EBFB}</UniqueIdentifier>
      <Extensions>h;hh;hpp;hxx;h++;hm;inl;inc;ipp;xsd</Extensions>
    </Filter>
    <Filter Include="Resource Files">
      <UniqueIdentifier>{67DA6AB6-F800-4c08-8B7A-83BB121AAD01}</UniqueIdentifier>
      <Extensions>rc;ico;cur;bmp;dlg;rc2;rct;bin;rgs;gif;jpg;jpeg;jpe;resx;tiff;tif;png;wav;mfcribbon-ms</Extensions>
    </Filter>
    <Filter Include="Header Files\Generator">
      <UniqueIdentifier>{2fd21e0a-138f-449d-95a6-0e1652e639ae}</UniqueIdentifier>
    </Filter>
    <Filter Include="Header Files\Decorator">
      <UniqueIdentifier>{676ce48c-7794-4d79-9083-4f95ed3c8cd5}</UniqueIdentifier>
    </Filter>
    <Filter Include="Source Files\Decorator">
      <UniqueIdentifier>{fcfe6f58-0157-43a0-859b-782495c2eaed}</UniqueIdentifier>
    </Filter>
    <Filter Include="Source Files\Generator">
      <UniqueIdentifier>{6c426d7b-1c02-4726-b061-4a1b2eb7633b}</UniqueIdentifier>
    </Filter>
    <Filter Include="Source Files\Factories">
      <UniqueIdentifier>{cb7c4c45-5cc2-472b-a064-6faf9cf30628}</UniqueIdentifier>
    </Filter>
    <Filter Include="Source Files\mains">
      <UniqueIdentifier>{29dc6d61-ff8a-4330-ad3e-056270035f2c}</UniqueIdentifier>
    </Filter>
    <Filter Include="Header Files\Factories">
      <UniqueIdentifier>{4e15fd86-3585-4dae-b071-afb188d535f5}</UniqueIdentifier>
    </Filter>
    <Filter Include="Header Files\Models">
      <UniqueIdentifier>{8ded1d13-744c-4db0-bbf7-4cd58d8aad01}</UniqueIdentifier>
    </Filter>
    <Filter Include="Source Files\Models">
      <UniqueIdentifier>{ae0cecfe-554a-49dd-b8e9-3289468eab53}</UniqueIdentifier>
    </Filter>
  </ItemGroup>
  <ItemGroup>
    <ClInclude Include="Constant.h">
      <Filter>Header Files\Generator</Filter>
    </ClInclude>
    <ClInclude Include="WhiteNoise.h">
      <Filter>Header Files\Generator</Filter>
    </ClInclude>
    <ClInclude Include="Triangle.h">
      <Filter>Header Files\Generator</Filter>
    </ClInclude>
    <ClInclude Include="Square.h">
      <Filter>Header Files\Generator</Filter>
    </ClInclude>
    <ClInclude Include="Sine.h">
      <Filter>Header Files\Generator</Filter>
    </ClInclude>
    <ClInclude Include="Signal.h">
      <Filter>Header Files\Generator</Filter>
    </ClInclude>
    <ClInclude Include="Decorator.h">
      <Filter>Header Files\Decorator</Filter>
    </ClInclude>
    <ClInclude Include="AddDecorator.h">
      <Filter>Header Files\Decorator</Filter>
    </ClInclude>
    <ClInclude Include="SaturationDecorator.h">
      <Filter>Header Files\Decorator</Filter>
    </ClInclude>
    <ClInclude Include="RecursiveSine.h">
      <Filter>Header Files\Generator</Filter>
    </ClInclude>
    <ClInclude Include="SISOFactory.h">
      <Filter>Header Files\Factories</Filter>
    </ClInclude>
    <ClInclude Include="RegulatorFactory.h">
      <Filter>Header Files\Factories</Filter>
    </ClInclude>
    <ClInclude Include="ModelFactory.h">
      <Filter>Header Files\Factories</Filter>
    </ClInclude>
    <ClInclude Include="ModelARX.h">
      <Filter>Header Files\Models</Filter>
    </ClInclude>
    <ClInclude Include="ObiektSISO.h">
      <Filter>Header Files\Models</Filter>
    </ClInclude>
    <ClInclude Include="ObiektStatyczny.h">
      <Filter>Header Files\Models</Filter>
    </ClInclude>
    <ClInclude Include="PetlaSprzerzeniaZwrotnego.h">
      <Filter>Header Files\Models</Filter>
    </ClInclude>
    <ClInclude Include="PetlaUAR.h">
      <Filter>Header Files\Models</Filter>
    </ClInclude>
    <ClInclude Include="RegulatorPID.h">
      <Filter>Header Files\Models</Filter>
    </ClInclude>
    <ClInclude Include="SignalFactory.h">
      <Filter>Header Files\Factories</Filter>
    </ClInclude>
  </ItemGroup>
  <ItemGroup>
    <ClCompile Include="ISerializable.h">
      <Filter>Header Files</Filter>
    </ClCompile>
    <ClCompile Include="SaturationDecorator.cpp">
      <Filter>Source Files\Decorator</Filter>
    </ClCompile>
    <ClCompile Include="AddDecorator.cpp">
      <Filter>Source Files\Decorator</Filter>
    </ClCompile>
    <ClCompile Include="Constant.cpp">
      <Filter>Source Files\Generator</Filter>
    </ClCompile>
    <ClCompile Include="Sine.cpp">
      <Filter>Source Files\Generator</Filter>
    </ClCompile>
    <ClCompile Include="Square.cpp">
      <Filter>Source Files\Generator</Filter>
    </ClCompile>
    <ClCompile Include="Triangle.cpp">
      <Filter>Source Files\Generator</Filter>
    </ClCompile>
    <ClCompile Include="WhiteNoise.cpp">
      <Filter>Source Files\Generator</Filter>
    </ClCompile>
    <ClCompile Include="RecursiveSine.cpp">
      <Filter>Source Files\Generator</Filter>
    </ClCompile>
    <ClCompile Include="ModelFactory.cpp">
      <Filter>Source Files\Factories</Filter>
    </ClCompile>
    <ClCompile Include="SISOFactory.cpp">
      <Filter>Source Files\Factories</Filter>
    </ClCompile>
    <ClCompile Include="RegulatorFactory.cpp">
      <Filter>Source Files\Factories</Filter>
    </ClCompile>
    <ClCompile Include="lab1.cpp">
      <Filter>Source Files\mains</Filter>
    </ClCompile>
    <ClCompile Include="lab2.cpp">
      <Filter>Source Files\mains</Filter>
    </ClCompile>
    <ClCompile Include="lab3.cpp">
      <Filter>Source Files\mains</Filter>
    </ClCompile>
    <ClCompile Include="lab4.cpp">
      <Filter>Source Files\mains</Filter>
    </ClCompile>
    <ClCompile Include="RegulatorPID.cpp">
      <Filter>Source Files\Models</Filter>
    </ClCompile>
    <ClCompile Include="PetlaUAR.cpp">
      <Filter>Source Files\Models</Filter>
    </ClCompile>
    <ClCompile Include="PetlaSprzerzeniaZwrotnego.cpp">
      <Filter>Source Files\Models</Filter>
    </ClCompile>
    <ClCompile Include="ObiektStatyczny.cpp">
      <Filter>Source Files\Models</Filter>
    </ClCompile>
    <ClCompile Include="ModelARX.cpp">
      <Filter>Source Files\Models</Filter>
    </ClCompile>
    <ClCompile Include="SignalFactory.cpp">
      <Filter>Source Files\Factories</Filter>
    </ClCompile>
    <ClCompile Include="Config.h">
      <Filter>Header Files</Filter>
    </ClCompile>
    <ClCompile Include="Config.cpp">
      <Filter>Source Files</Filter>
    </ClCompile>
  </ItemGroup>
  <ItemGroup>
    <None Include="packages.config" />
    <None Include="Model.json">
      <Filter>Resource Files</Filter>
    </None>
    <None Include="Model2.json">
      <Filter>Resource Files</Filter>
    </None>
    <None Include="generator.json" />
  </ItemGroup>
</Project>